
Microsoft Visual Studio Solution File, Format Version 12.00
# Visual Studio Version 17
VisualStudioVersion = 17.0.32112.339
MinimumVisualStudioVersion = 10.0.40219.1
Project("{FAE04EC0-301F-11D3-BF4B-00C04F79EFBC}") = "Project_1", "Project_1\Project_1.csproj", "{2C5312FC-2FC5-4D4A-AA24-94982149625A}"
EndProject
Global
	GlobalSection(SolutionConfigurationPlatforms) = preSolution
		Debug|Any CPU = Debug|Any CPU
		Release|Any CPU = Release|Any CPU
	EndGlobalSection
	GlobalSection(ProjectConfigurationPlatforms) = postSolution
		{2C5312FC-2FC5-4D4A-AA24-94982149625A}.Debug|Any CPU.ActiveCfg = Debug|Any CPU
		{2C5312FC-2FC5-4D4A-AA24-94982149625A}.Debug|Any CPU.Build.0 = Debug|Any CPU
		{2C5312FC-2FC5-4D4A-AA24-94982149625A}.Release|Any CPU.ActiveCfg = Release|Any CPU
		{2C5312FC-2FC5-4D4A-AA24-94982149625A}.Release|Any CPU.Build.0 = Release|Any CPU
	EndGlobalSection
	GlobalSection(SolutionProperties) = preSolution
		HideSolutionNode = FALSE
	EndGlobalSection
	GlobalSection(ExtensibilityGlobals) = postSolution
		SolutionGuid = {E11B5B81-44D4-4FF2-B18F-EB825A7B537C}
	EndGlobalSection
EndGlobal
